
Microsoft Visual Studio Solution File, Format Version 11.00
# Visual Studio 2010
Project("{FAE04EC0-301F-11D3-BF4B-00C04F79EFBC}") = "MarketApp", "MarketApp\MarketApp.csproj", "{7BE14782-CF28-4926-BB4C-46FF130725A9}"
EndProject
Global
	GlobalSection(SolutionConfigurationPlatforms) = preSolution
		Debug|Any CPU = Debug|Any CPU
		Release|Any CPU = Release|Any CPU
	EndGlobalSection
	GlobalSection(ProjectConfigurationPlatforms) = postSolution
		{7BE14782-CF28-4926-BB4C-46FF130725A9}.Debug|Any CPU.ActiveCfg = Debug|Any CPU
		{7BE14782-CF28-4926-BB4C-46FF130725A9}.Debug|Any CPU.Build.0 = Debug|Any CPU
		{7BE14782-CF28-4926-BB4C-46FF130725A9}.Release|Any CPU.ActiveCfg = Release|Any CPU
		{7BE14782-CF28-4926-BB4C-46FF130725A9}.Release|Any CPU.Build.0 = Release|Any CPU
	EndGlobalSection
	GlobalSection(SolutionProperties) = preSolution
		HideSolutionNode = FALSE
	EndGlobalSection
EndGlobal
